{
  "requires": true,
  "lockfileVersion": 1,
  "dependencies": {
    "arc": {
      "version": "0.1.2",
      "resolved": "https://registry.npmjs.org/arc/-/arc-0.1.2.tgz",
      "integrity": "sha512-bGCkKR675zaomc6HP3dR6hc6HXXnpXrehMkayof2Ql5dZ3f2Bd8o+KfdAruSCcW471K7WFn2pDvSLG8Q0co0dw=="
    }
  }
}
